
Microsoft Visual Studio Solution File, Format Version 12.00
# Visual Studio Version 16
VisualStudioVersion = 16.0.30114.105
MinimumVisualStudioVersion = 10.0.40219.1
Project("{2150E333-8FDC-42A3-9474-1A3956D46DE8}") = "src", "src", "{930D3C31-43AF-4ADB-BA0D-659BF445AC2C}"
EndProject
Project("{FAE04EC0-301F-11D3-BF4B-00C04F79EFBC}") = "EFCoreScaffoldDebugger.Console", "src\EFCoreScaffoldDebugger.Console\EFCoreScaffoldDebugger.Console.csproj", "{722FEA4A-3F24-4F96-B780-343580BCA653}"
EndProject
Global
	GlobalSection(SolutionConfigurationPlatforms) = preSolution
		Debug|Any CPU = Debug|Any CPU
		Release|Any CPU = Release|Any CPU
	EndGlobalSection
	GlobalSection(SolutionProperties) = preSolution
		HideSolutionNode = FALSE
	EndGlobalSection
	GlobalSection(ProjectConfigurationPlatforms) = postSolution
		{722FEA4A-3F24-4F96-B780-343580BCA653}.Debug|Any CPU.ActiveCfg = Debug|Any CPU
		{722FEA4A-3F24-4F96-B780-343580BCA653}.Debug|Any CPU.Build.0 = Debug|Any CPU
		{722FEA4A-3F24-4F96-B780-343580BCA653}.Release|Any CPU.ActiveCfg = Release|Any CPU
		{722FEA4A-3F24-4F96-B780-343580BCA653}.Release|Any CPU.Build.0 = Release|Any CPU
	EndGlobalSection
	GlobalSection(NestedProjects) = preSolution
		{722FEA4A-3F24-4F96-B780-343580BCA653} = {930D3C31-43AF-4ADB-BA0D-659BF445AC2C}
	EndGlobalSection
EndGlobal
